// !$*UTF8*$!
{
	archiveVersion = 1;
	classes = {
	};
	objectVersion = 51;
	objects = {

/* Begin PBXBuildFile section */
		1A0D0D278A157DF722C88A11 /* Pods_Firebase_Login_Firebase_LoginUITests.framework in Frameworks */ = {isa = PBXBuildFile; fileRef = 9FDA570713DC1E485BC8ACF5 /* Pods_Firebase_Login_Firebase_LoginUITests.framework */; };
		1CD938E8B79B0FD9107F66FF /* Pods_Firebase_Login.framework in Frameworks */ = {isa = PBXBuildFile; fileRef = 7C469B83BEBB7B221722E0F8 /* Pods_Firebase_Login.framework */; };
		60977EAF28919F13E3501BDD /* Pods_Firebase_LoginTests.framework in Frameworks */ = {isa = PBXBuildFile; fileRef = 9899549ACAD7DA952EB9FBF4 /* Pods_Firebase_LoginTests.framework */; };
		DBFD1D602580BB8600A7F8D0 /* AppDelegate.swift in Sources */ = {isa = PBXBuildFile; fileRef = DBFD1D5F2580BB8600A7F8D0 /* AppDelegate.swift */; };
		DBFD1D622580BB8600A7F8D0 /* SceneDelegate.swift in Sources */ = {isa = PBXBuildFile; fileRef = DBFD1D612580BB8600A7F8D0 /* SceneDelegate.swift */; };
		DBFD1D642580BB8600A7F8D0 /* LoginViewController.swift in Sources */ = {isa = PBXBuildFile; fileRef = DBFD1D632580BB8600A7F8D0 /* LoginViewController.swift */; };
		DBFD1D672580BB8600A7F8D0 /* Main.storyboard in Resources */ = {isa = PBXBuildFile; fileRef = DBFD1D652580BB8600A7F8D0 /* Main.storyboard */; };
		DBFD1D692580BB8900A7F8D0 /* Assets.xcassets in Resources */ = {isa = PBXBuildFile; fileRef = DBFD1D682580BB8900A7F8D0 /* Assets.xcassets */; };
		DBFD1D6C2580BB8900A7F8D0 /* LaunchScreen.storyboard in Resources */ = {isa = PBXBuildFile; fileRef = DBFD1D6A2580BB8900A7F8D0 /* LaunchScreen.storyboard */; };
		DBFD1D772580BB8900A7F8D0 /* Firebase_LoginTests.swift in Sources */ = {isa = PBXBuildFile; fileRef = DBFD1D762580BB8900A7F8D0 /* Firebase_LoginTests.swift */; };
		DBFD1D822580BB8900A7F8D0 /* Firebase_LoginUITests.swift in Sources */ = {isa = PBXBuildFile; fileRef = DBFD1D812580BB8900A7F8D0 /* Firebase_LoginUITests.swift */; };
		DBFD1D9B2580BE0000A7F8D0 /* GoogleService-Info.plist in Resources */ = {isa = PBXBuildFile; fileRef = DBFD1D9A2580BE0000A7F8D0 /* GoogleService-Info.plist */; };
		DBFD1DC02580C7FA00A7F8D0 /* SignUpViewController.swift in Sources */ = {isa = PBXBuildFile; fileRef = DBFD1DBF2580C7FA00A7F8D0 /* SignUpViewController.swift */; };
		DBFD1DDF2580CCAD00A7F8D0 /* HomeViewController.swift in Sources */ = {isa = PBXBuildFile; fileRef = DBFD1DDE2580CCAD00A7F8D0 /* HomeViewController.swift */; };
		DBFD1DEE2580D69700A7F8D0 /* ResetPasswordViewController.swift in Sources */ = {isa = PBXBuildFile; fileRef = DBFD1DED2580D69700A7F8D0 /* ResetPasswordViewController.swift */; };
/* End PBXBuildFile section */

/* Begin PBXContainerItemProxy section */
		DBFD1D732580BB8900A7F8D0 /* PBXContainerItemProxy */ = {
			isa = PBXContainerItemProxy;
			containerPortal = DBFD1D542580BB8600A7F8D0 /* Project object */;
			proxyType = 1;
			remoteGlobalIDString = DBFD1D5B2580BB8600A7F8D0;
			remoteInfo = Firebase_Login;
		};
		DBFD1D7E2580BB8900A7F8D0 /* PBXContainerItemProxy */ = {
			isa = PBXContainerItemProxy;
			containerPortal = DBFD1D542580BB8600A7F8D0 /* Project object */;
			proxyType = 1;
			remoteGlobalIDString = DBFD1D5B2580BB8600A7F8D0;
			remoteInfo = Firebase_Login;
		};
/* End PBXContainerItemProxy section */

/* Begin PBXFileReference section */
		1DE04C7481BB372DA6BA9FF4 /* Pods-Firebase_Login.debug.xcconfig */ = {isa = PBXFileReference; includeInIndex = 1; lastKnownFileType = text.xcconfig; name = "Pods-Firebase_Login.debug.xcconfig"; path = "Target Support Files/Pods-Firebase_Login/Pods-Firebase_Login.debug.xcconfig"; sourceTree = "<group>"; };
		296E20020AA489B937BBBC02 /* Pods-Firebase_Login.release.xcconfig */ = {isa = PBXFileReference; includeInIndex = 1; lastKnownFileType = text.xcconfig; name = "Pods-Firebase_Login.release.xcconfig"; path = "Target Support Files/Pods-Firebase_Login/Pods-Firebase_Login.release.xcconfig"; sourceTree = "<group>"; };
		2CA20525B875386B07421771 /* Pods-Firebase_LoginTests.debug.xcconfig */ = {isa = PBXFileReference; includeInIndex = 1; lastKnownFileType = text.xcconfig; name = "Pods-Firebase_LoginTests.debug.xcconfig"; path = "Target Support Files/Pods-Firebase_LoginTests/Pods-Firebase_LoginTests.debug.xcconfig"; sourceTree = "<group>"; };
		79E214D0D67F7C3931835DA6 /* Pods-Firebase_Login-Firebase_LoginUITests.release.xcconfig */ = {isa = PBXFileReference; includeInIndex = 1; lastKnownFileType = text.xcconfig; name = "Pods-Firebase_Login-Firebase_LoginUITests.release.xcconfig"; path = "Target Support Files/Pods-Firebase_Login-Firebase_LoginUITests/Pods-Firebase_Login-Firebase_LoginUITests.release.xcconfig"; sourceTree = "<group>"; };
		7C469B83BEBB7B221722E0F8 /* Pods_Firebase_Login.framework */ = {isa = PBXFileReference; explicitFileType = wrapper.framework; includeInIndex = 0; path = Pods_Firebase_Login.framework; sourceTree = BUILT_PRODUCTS_DIR; };
		9676E02989F8B399D8EC2413 /* Pods-Firebase_LoginTests.release.xcconfig */ = {isa = PBXFileReference; includeInIndex = 1; lastKnownFileType = text.xcconfig; name = "Pods-Firebase_LoginTests.release.xcconfig"; path = "Target Support Files/Pods-Firebase_LoginTests/Pods-Firebase_LoginTests.release.xcconfig"; sourceTree = "<group>"; };
		9899549ACAD7DA952EB9FBF4 /* Pods_Firebase_LoginTests.framework */ = {isa = PBXFileReference; explicitFileType = wrapper.framework; includeInIndex = 0; path = Pods_Firebase_LoginTests.framework; sourceTree = BUILT_PRODUCTS_DIR; };
		9FDA570713DC1E485BC8ACF5 /* Pods_Firebase_Login_Firebase_LoginUITests.framework */ = {isa = PBXFileReference; explicitFileType = wrapper.framework; includeInIndex = 0; path = Pods_Firebase_Login_Firebase_LoginUITests.framework; sourceTree = BUILT_PRODUCTS_DIR; };
		B093C9700F19087DDF965786 /* Pods-Firebase_Login-Firebase_LoginUITests.debug.xcconfig */ = {isa = PBXFileReference; includeInIndex = 1; lastKnownFileType = text.xcconfig; name = "Pods-Firebase_Login-Firebase_LoginUITests.debug.xcconfig"; path = "Target Support Files/Pods-Firebase_Login-Firebase_LoginUITests/Pods-Firebase_Login-Firebase_LoginUITests.debug.xcconfig"; sourceTree = "<group>"; };
		DBFD1D5C2580BB8600A7F8D0 /* Firebase_Login.app */ = {isa = PBXFileReference; explicitFileType = wrapper.application; includeInIndex = 0; path = Firebase_Login.app; sourceTree = BUILT_PRODUCTS_DIR; };
		DBFD1D5F2580BB8600A7F8D0 /* AppDelegate.swift */ = {isa = PBXFileReference; lastKnownFileType = sourcecode.swift; path = AppDelegate.swift; sourceTree = "<group>"; };
		DBFD1D612580BB8600A7F8D0 /* SceneDelegate.swift */ = {isa = PBXFileReference; lastKnownFileType = sourcecode.swift; path = SceneDelegate.swift; sourceTree = "<group>"; };
		DBFD1D632580BB8600A7F8D0 /* LoginViewController.swift */ = {isa = PBXFileReference; lastKnownFileType = sourcecode.swift; path = LoginViewController.swift; sourceTree = "<group>"; };
		DBFD1D662580BB8600A7F8D0 /* Base */ = {isa = PBXFileReference; lastKnownFileType = file.storyboard; name = Base; path = Base.lproj/Main.storyboard; sourceTree = "<group>"; };
		DBFD1D682580BB8900A7F8D0 /* Assets.xcassets */ = {isa = PBXFileReference; lastKnownFileType = folder.assetcatalog; path = Assets.xcassets; sourceTree = "<group>"; };
		DBFD1D6B2580BB8900A7F8D0 /* Base */ = {isa = PBXFileReference; lastKnownFileType = file.storyboard; name = Base; path = Base.lproj/LaunchScreen.storyboard; sourceTree = "<group>"; };
		DBFD1D6D2580BB8900A7F8D0 /* Info.plist */ = {isa = PBXFileReference; lastKnownFileType = text.plist.xml; path = Info.plist; sourceTree = "<group>"; };
		DBFD1D722580BB8900A7F8D0 /* Firebase_LoginTests.xctest */ = {isa = PBXFileReference; explicitFileType = wrapper.cfbundle; includeInIndex = 0; path = Firebase_LoginTests.xctest; sourceTree = BUILT_PRODUCTS_DIR; };
		DBFD1D762580BB8900A7F8D0 /* Firebase_LoginTests.swift */ = {isa = PBXFileReference; lastKnownFileType = sourcecode.swift; path = Firebase_LoginTests.swift; sourceTree = "<group>"; };
		DBFD1D782580BB8900A7F8D0 /* Info.plist */ = {isa = PBXFileReference; lastKnownFileType = text.plist.xml; path = Info.plist; sourceTree = "<group>"; };
		DBFD1D7D2580BB8900A7F8D0 /* Firebase_LoginUITests.xctest */ = {isa = PBXFileReference; explicitFileType = wrapper.cfbundle; includeInIndex = 0; path = Firebase_LoginUITests.xctest; sourceTree = BUILT_PRODUCTS_DIR; };
		DBFD1D812580BB8900A7F8D0 /* Firebase_LoginUITests.swift */ = {isa = PBXFileReference; lastKnownFileType = sourcecode.swift; path = Firebase_LoginUITests.swift; sourceTree = "<group>"; };
		DBFD1D832580BB8900A7F8D0 /* Info.plist */ = {isa = PBXFileReference; lastKnownFileType = text.plist.xml; path = Info.plist; sourceTree = "<group>"; };
		DBFD1D9A2580BE0000A7F8D0 /* GoogleService-Info.plist */ = {isa = PBXFileReference; fileEncoding = 4; lastKnownFileType = text.plist.xml; name = "GoogleService-Info.plist"; path = "../../../../../../Downloads/GoogleService-Info.plist"; sourceTree = "<group>"; };
		DBFD1DBF2580C7FA00A7F8D0 /* SignUpViewController.swift */ = {isa = PBXFileReference; lastKnownFileType = sourcecode.swift; path = SignUpViewController.swift; sourceTree = "<group>"; };
		DBFD1DDE2580CCAD00A7F8D0 /* HomeViewController.swift */ = {isa = PBXFileReference; lastKnownFileType = sourcecode.swift; path = HomeViewController.swift; sourceTree = "<group>"; };
		DBFD1DED2580D69700A7F8D0 /* ResetPasswordViewController.swift */ = {isa = PBXFileReference; lastKnownFileType = sourcecode.swift; path = ResetPasswordViewController.swift; sourceTree = "<group>"; };
/* End PBXFileReference section */

/* Begin PBXFrameworksBuildPhase section */
		DBFD1D592580BB8600A7F8D0 /* Frameworks */ = {
			isa = PBXFrameworksBuildPhase;
			buildActionMask = 2147483647;
			files = (
				1CD938E8B79B0FD9107F66FF /* Pods_Firebase_Login.framework in Frameworks */,
			);
			runOnlyForDeploymentPostprocessing = 0;
		};
		DBFD1D6F2580BB8900A7F8D0 /* Frameworks */ = {
			isa = PBXFrameworksBuildPhase;
			buildActionMask = 2147483647;
			files = (
				60977EAF28919F13E3501BDD /* Pods_Firebase_LoginTests.framework in Frameworks */,
			);
			runOnlyForDeploymentPostprocessing = 0;
		};
		DBFD1D7A2580BB8900A7F8D0 /* Frameworks */ = {
			isa = PBXFrameworksBuildPhase;
			buildActionMask = 2147483647;
			files = (
				1A0D0D278A157DF722C88A11 /* Pods_Firebase_Login_Firebase_LoginUITests.framework in Frameworks */,
			);
			runOnlyForDeploymentPostprocessing = 0;
		};
/* End PBXFrameworksBuildPhase section */

/* Begin PBXGroup section */
		5C9F76DBB616536356A3CCC2 /* Frameworks */ = {
			isa = PBXGroup;
			children = (
				7C469B83BEBB7B221722E0F8 /* Pods_Firebase_Login.framework */,
				9FDA570713DC1E485BC8ACF5 /* Pods_Firebase_Login_Firebase_LoginUITests.framework */,
				9899549ACAD7DA952EB9FBF4 /* Pods_Firebase_LoginTests.framework */,
			);
			name = Frameworks;
			sourceTree = "<group>";
		};
		C88F3B1E91166E89642B54B1 /* Pods */ = {
			isa = PBXGroup;
			children = (
				1DE04C7481BB372DA6BA9FF4 /* Pods-Firebase_Login.debug.xcconfig */,
				296E20020AA489B937BBBC02 /* Pods-Firebase_Login.release.xcconfig */,
				B093C9700F19087DDF965786 /* Pods-Firebase_Login-Firebase_LoginUITests.debug.xcconfig */,
				79E214D0D67F7C3931835DA6 /* Pods-Firebase_Login-Firebase_LoginUITests.release.xcconfig */,
				2CA20525B875386B07421771 /* Pods-Firebase_LoginTests.debug.xcconfig */,
				9676E02989F8B399D8EC2413 /* Pods-Firebase_LoginTests.release.xcconfig */,
			);
			path = Pods;
			sourceTree = "<group>";
		};
		DBFD1D532580BB8600A7F8D0 = {
			isa = PBXGroup;
			children = (
				DBFD1D5E2580BB8600A7F8D0 /* Firebase_Login */,
				DBFD1D752580BB8900A7F8D0 /* Firebase_LoginTests */,
				DBFD1D802580BB8900A7F8D0 /* Firebase_LoginUITests */,
				DBFD1D5D2580BB8600A7F8D0 /* Products */,
				C88F3B1E91166E89642B54B1 /* Pods */,
				5C9F76DBB616536356A3CCC2 /* Frameworks */,
			);
			sourceTree = "<group>";
		};
		DBFD1D5D2580BB8600A7F8D0 /* Products */ = {
			isa = PBXGroup;
			children = (
				DBFD1D5C2580BB8600A7F8D0 /* Firebase_Login.app */,
				DBFD1D722580BB8900A7F8D0 /* Firebase_LoginTests.xctest */,
				DBFD1D7D2580BB8900A7F8D0 /* Firebase_LoginUITests.xctest */,
			);
			name = Products;
			sourceTree = "<group>";
		};
		DBFD1D5E2580BB8600A7F8D0 /* Firebase_Login */ = {
			isa = PBXGroup;
			children = (
				DBFD1D5F2580BB8600A7F8D0 /* AppDelegate.swift */,
				DBFD1D612580BB8600A7F8D0 /* SceneDelegate.swift */,
				DBFD1D652580BB8600A7F8D0 /* Main.storyboard */,
				DBFD1D682580BB8900A7F8D0 /* Assets.xcassets */,
				DBFD1D6A2580BB8900A7F8D0 /* LaunchScreen.storyboard */,
				DBFD1DE32580D64A00A7F8D0 /* Controllers */,
				DBFD1D6D2580BB8900A7F8D0 /* Info.plist */,
				DBFD1D9A2580BE0000A7F8D0 /* GoogleService-Info.plist */,
			);
			path = Firebase_Login;
			sourceTree = "<group>";
		};
		DBFD1D752580BB8900A7F8D0 /* Firebase_LoginTests */ = {
			isa = PBXGroup;
			children = (
				DBFD1D762580BB8900A7F8D0 /* Firebase_LoginTests.swift */,
				DBFD1D782580BB8900A7F8D0 /* Info.plist */,
			);
			path = Firebase_LoginTests;
			sourceTree = "<group>";
		};
		DBFD1D802580BB8900A7F8D0 /* Firebase_LoginUITests */ = {
			isa = PBXGroup;
			children = (
				DBFD1D812580BB8900A7F8D0 /* Firebase_LoginUITests.swift */,
				DBFD1D832580BB8900A7F8D0 /* Info.plist */,
			);
			path = Firebase_LoginUITests;
			sourceTree = "<group>";
		};
		DBFD1DE32580D64A00A7F8D0 /* Controllers */ = {
			isa = PBXGroup;
			children = (
				DBFD1D632580BB8600A7F8D0 /* LoginViewController.swift */,
				DBFD1DDE2580CCAD00A7F8D0 /* HomeViewController.swift */,
				DBFD1DBF2580C7FA00A7F8D0 /* SignUpViewController.swift */,
				DBFD1DED2580D69700A7F8D0 /* ResetPasswordViewController.swift */,
			);
			path = Controllers;
			sourceTree = "<group>";
		};
/* End PBXGroup section */

/* Begin PBXNativeTarget section */
		DBFD1D5B2580BB8600A7F8D0 /* Firebase_Login */ = {
			isa = PBXNativeTarget;
			buildConfigurationList = DBFD1D862580BB8900A7F8D0 /* Build configuration list for PBXNativeTarget "Firebase_Login" */;
			buildPhases = (
				A0D41E29A0641209D5C85415 /* [CP] Check Pods Manifest.lock */,
				DBFD1D582580BB8600A7F8D0 /* Sources */,
				DBFD1D592580BB8600A7F8D0 /* Frameworks */,
				DBFD1D5A2580BB8600A7F8D0 /* Resources */,
				A604639FF0755AFBCAB35C96 /* [CP] Embed Pods Frameworks */,
			);
			buildRules = (
			);
			dependencies = (
			);
			name = Firebase_Login;
			productName = Firebase_Login;
			productReference = DBFD1D5C2580BB8600A7F8D0 /* Firebase_Login.app */;
			productType = "com.apple.product-type.application";
		};
		DBFD1D712580BB8900A7F8D0 /* Firebase_LoginTests */ = {
			isa = PBXNativeTarget;
			buildConfigurationList = DBFD1D892580BB8900A7F8D0 /* Build configuration list for PBXNativeTarget "Firebase_LoginTests" */;
			buildPhases = (
				6377397F6ED9EB8CD3DDB986 /* [CP] Check Pods Manifest.lock */,
				DBFD1D6E2580BB8900A7F8D0 /* Sources */,
				DBFD1D6F2580BB8900A7F8D0 /* Frameworks */,
				DBFD1D702580BB8900A7F8D0 /* Resources */,
				BC2358B7AD14758FEE497042 /* [CP] Embed Pods Frameworks */,
			);
			buildRules = (
			);
			dependencies = (
				DBFD1D742580BB8900A7F8D0 /* PBXTargetDependency */,
			);
			name = Firebase_LoginTests;
			productName = Firebase_LoginTests;
			productReference = DBFD1D722580BB8900A7F8D0 /* Firebase_LoginTests.xctest */;
			productType = "com.apple.product-type.bundle.unit-test";
		};
		DBFD1D7C2580BB8900A7F8D0 /* Firebase_LoginUITests */ = {
			isa = PBXNativeTarget;
			buildConfigurationList = DBFD1D8C2580BB8900A7F8D0 /* Build configuration list for PBXNativeTarget "Firebase_LoginUITests" */;
			buildPhases = (
				F9CCDDF03DB16AFD59FD08FB /* [CP] Check Pods Manifest.lock */,
				DBFD1D792580BB8900A7F8D0 /* Sources */,
				DBFD1D7A2580BB8900A7F8D0 /* Frameworks */,
				DBFD1D7B2580BB8900A7F8D0 /* Resources */,
				E1C12DC3C79B80ADD1C01178 /* [CP] Embed Pods Frameworks */,
			);
			buildRules = (
			);
			dependencies = (
				DBFD1D7F2580BB8900A7F8D0 /* PBXTargetDependency */,
			);
			name = Firebase_LoginUITests;
			productName = Firebase_LoginUITests;
			productReference = DBFD1D7D2580BB8900A7F8D0 /* Firebase_LoginUITests.xctest */;
			productType = "com.apple.product-type.bundle.ui-testing";
		};
/* End PBXNativeTarget section */

/* Begin PBXProject section */
		DBFD1D542580BB8600A7F8D0 /* Project object */ = {
			isa = PBXProject;
			attributes = {
				LastSwiftUpdateCheck = 1220;
				LastUpgradeCheck = 1220;
				TargetAttributes = {
					DBFD1D5B2580BB8600A7F8D0 = {
						CreatedOnToolsVersion = 12.2;
					};
					DBFD1D712580BB8900A7F8D0 = {
						CreatedOnToolsVersion = 12.2;
						TestTargetID = DBFD1D5B2580BB8600A7F8D0;
					};
					DBFD1D7C2580BB8900A7F8D0 = {
						CreatedOnToolsVersion = 12.2;
						TestTargetID = DBFD1D5B2580BB8600A7F8D0;
					};
				};
			};
			buildConfigurationList = DBFD1D572580BB8600A7F8D0 /* Build configuration list for PBXProject "Firebase_Login" */;
			compatibilityVersion = "Xcode 9.3";
			developmentRegion = en;
			hasScannedForEncodings = 0;
			knownRegions = (
				en,
				Base,
			);
			mainGroup = DBFD1D532580BB8600A7F8D0;
			productRefGroup = DBFD1D5D2580BB8600A7F8D0 /* Products */;
			projectDirPath = "";
			projectRoot = "";
			targets = (
				DBFD1D5B2580BB8600A7F8D0 /* Firebase_Login */,
				DBFD1D712580BB8900A7F8D0 /* Firebase_LoginTests */,
				DBFD1D7C2580BB8900A7F8D0 /* Firebase_LoginUITests */,
			);
		};
/* End PBXProject section */

/* Begin PBXResourcesBuildPhase section */
		DBFD1D5A2580BB8600A7F8D0 /* Resources */ = {
			isa = PBXResourcesBuildPhase;
			buildActionMask = 2147483647;
			files = (
				DBFD1D6C2580BB8900A7F8D0 /* LaunchScreen.storyboard in Resources */,
				DBFD1D9B2580BE0000A7F8D0 /* GoogleService-Info.plist in Resources */,
				DBFD1D692580BB8900A7F8D0 /* Assets.xcassets in Resources */,
				DBFD1D672580BB8600A7F8D0 /* Main.storyboard in Resources */,
			);
			runOnlyForDeploymentPostprocessing = 0;
		};
		DBFD1D702580BB8900A7F8D0 /* Resources */ = {
			isa = PBXResourcesBuildPhase;
			buildActionMask = 2147483647;
			files = (
			);
			runOnlyForDeploymentPostprocessing = 0;
		};
		DBFD1D7B2580BB8900A7F8D0 /* Resources */ = {
			isa = PBXResourcesBuildPhase;
			buildActionMask = 2147483647;
			files = (
			);
			runOnlyForDeploymentPostprocessing = 0;
		};
/* End PBXResourcesBuildPhase section */

/* Begin PBXShellScriptBuildPhase section */
		6377397F6ED9EB8CD3DDB986 /* [CP] Check Pods Manifest.lock */ = {
			isa = PBXShellScriptBuildPhase;
			buildActionMask = 2147483647;
			files = (
			);
			inputFileListPaths = (
			);
			inputPaths = (
				"${PODS_PODFILE_DIR_PATH}/Podfile.lock",
				"${PODS_ROOT}/Manifest.lock",
			);
			name = "[CP] Check Pods Manifest.lock";
			outputFileListPaths = (
			);
			outputPaths = (
				"$(DERIVED_FILE_DIR)/Pods-Firebase_LoginTests-checkManifestLockResult.txt",
			);
			runOnlyForDeploymentPostprocessing = 0;
			shellPath = /bin/sh;
			shellScript = "diff \"${PODS_PODFILE_DIR_PATH}/Podfile.lock\" \"${PODS_ROOT}/Manifest.lock\" > /dev/null\nif [ $? != 0 ] ; then\n    # print error to STDERR\n    echo \"error: The sandbox is not in sync with the Podfile.lock. Run 'pod install' or update your CocoaPods installation.\" >&2\n    exit 1\nfi\n# This output is used by Xcode 'outputs' to avoid re-running this script phase.\necho \"SUCCESS\" > \"${SCRIPT_OUTPUT_FILE_0}\"\n";
			showEnvVarsInLog = 0;
		};
		A0D41E29A0641209D5C85415 /* [CP] Check Pods Manifest.lock */ = {
			isa = PBXShellScriptBuildPhase;
			buildActionMask = 2147483647;
			files = (
			);
			inputFileListPaths = (
			);
			inputPaths = (
				"${PODS_PODFILE_DIR_PATH}/Podfile.lock",
				"${PODS_ROOT}/Manifest.lock",
			);
			name = "[CP] Check Pods Manifest.lock";
			outputFileListPaths = (
			);
			outputPaths = (
				"$(DERIVED_FILE_DIR)/Pods-Firebase_Login-checkManifestLockResult.txt",
			);
			runOnlyForDeploymentPostprocessing = 0;
			shellPath = /bin/sh;
			shellScript = "diff \"${PODS_PODFILE_DIR_PATH}/Podfile.lock\" \"${PODS_ROOT}/Manifest.lock\" > /dev/null\nif [ $? != 0 ] ; then\n    # print error to STDERR\n    echo \"error: The sandbox is not in sync with the Podfile.lock. Run 'pod install' or update your CocoaPods installation.\" >&2\n    exit 1\nfi\n# This output is used by Xcode 'outputs' to avoid re-running this script phase.\necho \"SUCCESS\" > \"${SCRIPT_OUTPUT_FILE_0}\"\n";
			showEnvVarsInLog = 0;
		};
		A604639FF0755AFBCAB35C96 /* [CP] Embed Pods Frameworks */ = {
			isa = PBXShellScriptBuildPhase;
			buildActionMask = 2147483647;
			files = (
			);
			inputFileListPaths = (
				"${PODS_ROOT}/Target Support Files/Pods-Firebase_Login/Pods-Firebase_Login-frameworks-${CONFIGURATION}-input-files.xcfilelist",
			);
			name = "[CP] Embed Pods Frameworks";
			outputFileListPaths = (
				"${PODS_ROOT}/Target Support Files/Pods-Firebase_Login/Pods-Firebase_Login-frameworks-${CONFIGURATION}-output-files.xcfilelist",
			);
			runOnlyForDeploymentPostprocessing = 0;
			shellPath = /bin/sh;
			shellScript = "\"${PODS_ROOT}/Target Support Files/Pods-Firebase_Login/Pods-Firebase_Login-frameworks.sh\"\n";
			showEnvVarsInLog = 0;
		};
		BC2358B7AD14758FEE497042 /* [CP] Embed Pods Frameworks */ = {
			isa = PBXShellScriptBuildPhase;
			buildActionMask = 2147483647;
			files = (
			);
			inputFileListPaths = (
				"${PODS_ROOT}/Target Support Files/Pods-Firebase_LoginTests/Pods-Firebase_LoginTests-frameworks-${CONFIGURATION}-input-files.xcfilelist",
			);
			name = "[CP] Embed Pods Frameworks";
			outputFileListPaths = (
				"${PODS_ROOT}/Target Support Files/Pods-Firebase_LoginTests/Pods-Firebase_LoginTests-frameworks-${CONFIGURATION}-output-files.xcfilelist",
			);
			runOnlyForDeploymentPostprocessing = 0;
			shellPath = /bin/sh;
			shellScript = "\"${PODS_ROOT}/Target Support Files/Pods-Firebase_LoginTests/Pods-Firebase_LoginTests-frameworks.sh\"\n";
			showEnvVarsInLog = 0;
		};
		E1C12DC3C79B80ADD1C01178 /* [CP] Embed Pods Frameworks */ = {
			isa = PBXShellScriptBuildPhase;
			buildActionMask = 2147483647;
			files = (
			);
			inputFileListPaths = (
				"${PODS_ROOT}/Target Support Files/Pods-Firebase_Login-Firebase_LoginUITests/Pods-Firebase_Login-Firebase_LoginUITests-frameworks-${CONFIGURATION}-input-files.xcfilelist",
			);
			name = "[CP] Embed Pods Frameworks";
			outputFileListPaths = (
				"${PODS_ROOT}/Target Support Files/Pods-Firebase_Login-Firebase_LoginUITests/Pods-Firebase_Login-Firebase_LoginUITests-frameworks-${CONFIGURATION}-output-files.xcfilelist",
			);
			runOnlyForDeploymentPostprocessing = 0;
			shellPath = /bin/sh;
			shellScript = "\"${PODS_ROOT}/Target Support Files/Pods-Firebase_Login-Firebase_LoginUITests/Pods-Firebase_Login-Firebase_LoginUITests-frameworks.sh\"\n";
			showEnvVarsInLog = 0;
		};
		F9CCDDF03DB16AFD59FD08FB /* [CP] Check Pods Manifest.lock */ = {
			isa = PBXShellScriptBuildPhase;
			buildActionMask = 2147483647;
			files = (
			);
			inputFileListPaths = (
			);
			inputPaths = (
				"${PODS_PODFILE_DIR_PATH}/Podfile.lock",
				"${PODS_ROOT}/Manifest.lock",
			);
			name = "[CP] Check Pods Manifest.lock";
			outputFileListPaths = (
			);
			outputPaths = (
				"$(DERIVED_FILE_DIR)/Pods-Firebase_Login-Firebase_LoginUITests-checkManifestLockResult.txt",
			);
			runOnlyForDeploymentPostprocessing = 0;
			shellPath = /bin/sh;
			shellScript = "diff \"${PODS_PODFILE_DIR_PATH}/Podfile.lock\" \"${PODS_ROOT}/Manifest.lock\" > /dev/null\nif [ $? != 0 ] ; then\n    # print error to STDERR\n    echo \"error: The sandbox is not in sync with the Podfile.lock. Run 'pod install' or update your CocoaPods installation.\" >&2\n    exit 1\nfi\n# This output is used by Xcode 'outputs' to avoid re-running this script phase.\necho \"SUCCESS\" > \"${SCRIPT_OUTPUT_FILE_0}\"\n";
			showEnvVarsInLog = 0;
		};
/* End PBXShellScriptBuildPhase section */

/* Begin PBXSourcesBuildPhase section */
		DBFD1D582580BB8600A7F8D0 /* Sources */ = {
			isa = PBXSourcesBuildPhase;
			buildActionMask = 2147483647;
			files = (
				DBFD1DDF2580CCAD00A7F8D0 /* HomeViewController.swift in Sources */,
				DBFD1D642580BB8600A7F8D0 /* LoginViewController.swift in Sources */,
				DBFD1D602580BB8600A7F8D0 /* AppDelegate.swift in Sources */,
				DBFD1DEE2580D69700A7F8D0 /* ResetPasswordViewController.swift in Sources */,
				DBFD1DC02580C7FA00A7F8D0 /* SignUpViewController.swift in Sources */,
				DBFD1D622580BB8600A7F8D0 /* SceneDelegate.swift in Sources */,
			);
			runOnlyForDeploymentPostprocessing = 0;
		};
		DBFD1D6E2580BB8900A7F8D0 /* Sources */ = {
			isa = PBXSourcesBuildPhase;
			buildActionMask = 2147483647;
			files = (
				DBFD1D772580BB8900A7F8D0 /* Firebase_LoginTests.swift in Sources */,
			);
			runOnlyForDeploymentPostprocessing = 0;
		};
		DBFD1D792580BB8900A7F8D0 /* Sources */ = {
			isa = PBXSourcesBuildPhase;
			buildActionMask = 2147483647;
			files = (
				DBFD1D822580BB8900A7F8D0 /* Firebase_LoginUITests.swift in Sources */,
			);
			runOnlyForDeploymentPostprocessing = 0;
		};
/* End PBXSourcesBuildPhase section */

/* Begin PBXTargetDependency section */
		DBFD1D742580BB8900A7F8D0 /* PBXTargetDependency */ = {
			isa = PBXTargetDependency;
			target = DBFD1D5B2580BB8600A7F8D0 /* Firebase_Login */;
			targetProxy = DBFD1D732580BB8900A7F8D0 /* PBXContainerItemProxy */;
		};
		DBFD1D7F2580BB8900A7F8D0 /* PBXTargetDependency */ = {
			isa = PBXTargetDependency;
			target = DBFD1D5B2580BB8600A7F8D0 /* Firebase_Login */;
			targetProxy = DBFD1D7E2580BB8900A7F8D0 /* PBXContainerItemProxy */;
		};
/* End PBXTargetDependency section */

/* Begin PBXVariantGroup section */
		DBFD1D652580BB8600A7F8D0 /* Main.storyboard */ = {
			isa = PBXVariantGroup;
			children = (
				DBFD1D662580BB8600A7F8D0 /* Base */,
			);
			name = Main.storyboard;
			sourceTree = "<group>";
		};
		DBFD1D6A2580BB8900A7F8D0 /* LaunchScreen.storyboard */ = {
			isa = PBXVariantGroup;
			children = (
				DBFD1D6B2580BB8900A7F8D0 /* Base */,
			);
			name = LaunchScreen.storyboard;
			sourceTree = "<group>";
		};
/* End PBXVariantGroup section */

/* Begin XCBuildConfiguration section */
		DBFD1D842580BB8900A7F8D0 /* Debug */ = {
			isa = XCBuildConfiguration;
			buildSettings = {
				ALWAYS_SEARCH_USER_PATHS = NO;
				CLANG_ANALYZER_NONNULL = YES;
				CLANG_ANALYZER_NUMBER_OBJECT_CONVERSION = YES_AGGRESSIVE;
				CLANG_CXX_LANGUAGE_STANDARD = "gnu++14";
				CLANG_CXX_LIBRARY = "libc++";
				CLANG_ENABLE_MODULES = YES;
				CLANG_ENABLE_OBJC_ARC = YES;
				CLANG_ENABLE_OBJC_WEAK = YES;
				CLANG_WARN_BLOCK_CAPTURE_AUTORELEASING = YES;
				CLANG_WARN_BOOL_CONVERSION = YES;
				CLANG_WARN_COMMA = YES;
				CLANG_WARN_CONSTANT_CONVERSION = YES;
				CLANG_WARN_DEPRECATED_OBJC_IMPLEMENTATIONS = YES;
				CLANG_WARN_DIRECT_OBJC_ISA_USAGE = YES_ERROR;
				CLANG_WARN_DOCUMENTATION_COMMENTS = YES;
				CLANG_WARN_EMPTY_BODY = YES;
				CLANG_WARN_ENUM_CONVERSION = YES;
				CLANG_WARN_INFINITE_RECURSION = YES;
				CLANG_WARN_INT_CONVERSION = YES;
				CLANG_WARN_NON_LITERAL_NULL_CONVERSION = YES;
				CLANG_WARN_OBJC_IMPLICIT_RETAIN_SELF = YES;
				CLANG_WARN_OBJC_LITERAL_CONVERSION = YES;
				CLANG_WARN_OBJC_ROOT_CLASS = YES_ERROR;
				CLANG_WARN_QUOTED_INCLUDE_IN_FRAMEWORK_HEADER = YES;
				CLANG_WARN_RANGE_LOOP_ANALYSIS = YES;
				CLANG_WARN_STRICT_PROTOTYPES = YES;
				CLANG_WARN_SUSPICIOUS_MOVE = YES;
				CLANG_WARN_UNGUARDED_AVAILABILITY = YES_AGGRESSIVE;
				CLANG_WARN_UNREACHABLE_CODE = YES;
				CLANG_WARN__DUPLICATE_METHOD_MATCH = YES;
				COPY_PHASE_STRIP = NO;
				DEBUG_INFORMATION_FORMAT = dwarf;
				ENABLE_STRICT_OBJC_MSGSEND = YES;
				ENABLE_TESTABILITY = YES;
				GCC_C_LANGUAGE_STANDARD = gnu11;
				GCC_DYNAMIC_NO_PIC = NO;
				GCC_NO_COMMON_BLOCKS = YES;
				GCC_OPTIMIZATION_LEVEL = 0;
				GCC_PREPROCESSOR_DEFINITIONS = (
					"DEBUG=1",
					"$(inherited)",
				);
				GCC_WARN_64_TO_32_BIT_CONVERSION = YES;
				GCC_WARN_ABOUT_RETURN_TYPE = YES_ERROR;
				GCC_WARN_UNDECLARED_SELECTOR = YES;
				GCC_WARN_UNINITIALIZED_AUTOS = YES_AGGRESSIVE;
				GCC_WARN_UNUSED_FUNCTION = YES;
				GCC_WARN_UNUSED_VARIABLE = YES;
				IPHONEOS_DEPLOYMENT_TARGET = 14.2;
				MTL_ENABLE_DEBUG_INFO = INCLUDE_SOURCE;
				MTL_FAST_MATH = YES;
				ONLY_ACTIVE_ARCH = YES;
				SDKROOT = iphoneos;
				SWIFT_ACTIVE_COMPILATION_CONDITIONS = DEBUG;
				SWIFT_OPTIMIZATION_LEVEL = "-Onone";
			};
			name = Debug;
		};
		DBFD1D852580BB8900A7F8D0 /* Release */ = {
			isa = XCBuildConfiguration;
			buildSettings = {
				ALWAYS_SEARCH_USER_PATHS = NO;
				CLANG_ANALYZER_NONNULL = YES;
				CLANG_ANALYZER_NUMBER_OBJECT_CONVERSION = YES_AGGRESSIVE;
				CLANG_CXX_LANGUAGE_STANDARD = "gnu++14";
				CLANG_CXX_LIBRARY = "libc++";
				CLANG_ENABLE_MODULES = YES;
				CLANG_ENABLE_OBJC_ARC = YES;
				CLANG_ENABLE_OBJC_WEAK = YES;
				CLANG_WARN_BLOCK_CAPTURE_AUTORELEASING = YES;
				CLANG_WARN_BOOL_CONVERSION = YES;
				CLANG_WARN_COMMA = YES;
				CLANG_WARN_CONSTANT_CONVERSION = YES;
				CLANG_WARN_DEPRECATED_OBJC_IMPLEMENTATIONS = YES;
				CLANG_WARN_DIRECT_OBJC_ISA_USAGE = YES_ERROR;
				CLANG_WARN_DOCUMENTATION_COMMENTS = YES;
				CLANG_WARN_EMPTY_BODY = YES;
				CLANG_WARN_ENUM_CONVERSION = YES;
				CLANG_WARN_INFINITE_RECURSION = YES;
				CLANG_WARN_INT_CONVERSION = YES;
				CLANG_WARN_NON_LITERAL_NULL_CONVERSION = YES;
				CLANG_WARN_OBJC_IMPLICIT_RETAIN_SELF = YES;
				CLANG_WARN_OBJC_LITERAL_CONVERSION = YES;
				CLANG_WARN_OBJC_ROOT_CLASS = YES_ERROR;
				CLANG_WARN_QUOTED_INCLUDE_IN_FRAMEWORK_HEADER = YES;
				CLANG_WARN_RANGE_LOOP_ANALYSIS = YES;
				CLANG_WARN_STRICT_PROTOTYPES = YES;
				CLANG_WARN_SUSPICIOUS_MOVE = YES;
				CLANG_WARN_UNGUARDED_AVAILABILITY = YES_AGGRESSIVE;
				CLANG_WARN_UNREACHABLE_CODE = YES;
				CLANG_WARN__DUPLICATE_METHOD_MATCH = YES;
				COPY_PHASE_STRIP = NO;
				DEBUG_INFORMATION_FORMAT = "dwarf-with-dsym";
				ENABLE_NS_ASSERTIONS = NO;
				ENABLE_STRICT_OBJC_MSGSEND = YES;
				GCC_C_LANGUAGE_STANDARD = gnu11;
				GCC_NO_COMMON_BLOCKS = YES;
				GCC_WARN_64_TO_32_BIT_CONVERSION = YES;
				GCC_WARN_ABOUT_RETURN_TYPE = YES_ERROR;
				GCC_WARN_UNDECLARED_SELECTOR = YES;
				GCC_WARN_UNINITIALIZED_AUTOS = YES_AGGRESSIVE;
				GCC_WARN_UNUSED_FUNCTION = YES;
				GCC_WARN_UNUSED_VARIABLE = YES;
				IPHONEOS_DEPLOYMENT_TARGET = 14.2;
				MTL_ENABLE_DEBUG_INFO = NO;
				MTL_FAST_MATH = YES;
				SDKROOT = iphoneos;
				SWIFT_COMPILATION_MODE = wholemodule;
				SWIFT_OPTIMIZATION_LEVEL = "-O";
				VALIDATE_PRODUCT = YES;
			};
			name = Release;
		};
		DBFD1D872580BB8900A7F8D0 /* Debug */ = {
			isa = XCBuildConfiguration;
			baseConfigurationReference = 1DE04C7481BB372DA6BA9FF4 /* Pods-Firebase_Login.debug.xcconfig */;
			buildSettings = {
				ASSETCATALOG_COMPILER_APPICON_NAME = AppIcon;
				ASSETCATALOG_COMPILER_GLOBAL_ACCENT_COLOR_NAME = AccentColor;
				CODE_SIGN_STYLE = Automatic;
				DEVELOPMENT_TEAM = 4NHCAR3DPU;
				INFOPLIST_FILE = Firebase_Login/Info.plist;
				LD_RUNPATH_SEARCH_PATHS = (
					"$(inherited)",
					"@executable_path/Frameworks",
				);
				PRODUCT_BUNDLE_IDENTIFIER = "com.cooperhsieh.Firebase-Login";
				PRODUCT_NAME = "$(TARGET_NAME)";
				SWIFT_VERSION = 5.0;
				TARGETED_DEVICE_FAMILY = "1,2";
			};
			name = Debug;
		};
		DBFD1D882580BB8900A7F8D0 /* Release */ = {
			isa = XCBuildConfiguration;
			baseConfigurationReference = 296E20020AA489B937BBBC02 /* Pods-Firebase_Login.release.xcconfig */;
			buildSettings = {
				ASSETCATALOG_COMPILER_APPICON_NAME = AppIcon;
				ASSETCATALOG_COMPILER_GLOBAL_ACCENT_COLOR_NAME = AccentColor;
				CODE_SIGN_STYLE = Automatic;
				DEVELOPMENT_TEAM = 4NHCAR3DPU;
				INFOPLIST_FILE = Firebase_Login/Info.plist;
				LD_RUNPATH_SEARCH_PATHS = (
					"$(inherited)",
					"@executable_path/Frameworks",
				);
				PRODUCT_BUNDLE_IDENTIFIER = "com.cooperhsieh.Firebase-Login";
				PRODUCT_NAME = "$(TARGET_NAME)";
				SWIFT_VERSION = 5.0;
				TARGETED_DEVICE_FAMILY = "1,2";
			};
			name = Release;
		};
		DBFD1D8A2580BB8900A7F8D0 /* Debug */ = {
			isa = XCBuildConfiguration;
			baseConfigurationReference = 2CA20525B875386B07421771 /* Pods-Firebase_LoginTests.debug.xcconfig */;
			buildSettings = {
				ALWAYS_EMBED_SWIFT_STANDARD_LIBRARIES = YES;
				BUNDLE_LOADER = "$(TEST_HOST)";
				CODE_SIGN_STYLE = Automatic;
				DEVELOPMENT_TEAM = 4NHCAR3DPU;
				INFOPLIST_FILE = Firebase_LoginTests/Info.plist;
				IPHONEOS_DEPLOYMENT_TARGET = 14.2;
				LD_RUNPATH_SEARCH_PATHS = (
					"$(inherited)",
					"@executable_path/Frameworks",
					"@loader_path/Frameworks",
				);
				PRODUCT_BUNDLE_IDENTIFIER = "com.cooperhsieh.Firebase-LoginTests";
				PRODUCT_NAME = "$(TARGET_NAME)";
				SWIFT_VERSION = 5.0;
				TARGETED_DEVICE_FAMILY = "1,2";
				TEST_HOST = "$(BUILT_PRODUCTS_DIR)/Firebase_Login.app/Firebase_Login";
			};
			name = Debug;
		};
		DBFD1D8B2580BB8900A7F8D0 /* Release */ = {
			isa = XCBuildConfiguration;
			baseConfigurationReference = 9676E02989F8B399D8EC2413 /* Pods-Firebase_LoginTests.release.xcconfig */;
			buildSettings = {
				ALWAYS_EMBED_SWIFT_STANDARD_LIBRARIES = YES;
				BUNDLE_LOADER = "$(TEST_HOST)";
				CODE_SIGN_STYLE = Automatic;
				DEVELOPMENT_TEAM = 4NHCAR3DPU;
				INFOPLIST_FILE = Firebase_LoginTests/Info.plist;
				IPHONEOS_DEPLOYMENT_TARGET = 14.2;
				LD_RUNPATH_SEARCH_PATHS = (
					"$(inherited)",
					"@executable_path/Frameworks",
					"@loader_path/Frameworks",
				);
				PRODUCT_BUNDLE_IDENTIFIER = "com.cooperhsieh.Firebase-LoginTests";
				PRODUCT_NAME = "$(TARGET_NAME)";
				SWIFT_VERSION = 5.0;
				TARGETED_DEVICE_FAMILY = "1,2";
				TEST_HOST = "$(BUILT_PRODUCTS_DIR)/Firebase_Login.app/Firebase_Login";
			};
			name = Release;
		};
		DBFD1D8D2580BB8900A7F8D0 /* Debug */ = {
			isa = XCBuildConfiguration;
			baseConfigurationReference = B093C9700F19087DDF965786 /* Pods-Firebase_Login-Firebase_LoginUITests.debug.xcconfig */;
			buildSettings = {
				ALWAYS_EMBED_SWIFT_STANDARD_LIBRARIES = YES;
				CODE_SIGN_STYLE = Automatic;
				DEVELOPMENT_TEAM = 4NHCAR3DPU;
				INFOPLIST_FILE = Firebase_LoginUITests/Info.plist;
				LD_RUNPATH_SEARCH_PATHS = (
					"$(inherited)",
					"@executable_path/Frameworks",
					"@loader_path/Frameworks",
				);
				PRODUCT_BUNDLE_IDENTIFIER = "com.cooperhsieh.Firebase-LoginUITests";
				PRODUCT_NAME = "$(TARGET_NAME)";
				SWIFT_VERSION = 5.0;
				TARGETED_DEVICE_FAMILY = "1,2";
				TEST_TARGET_NAME = Firebase_Login;
			};
			name = Debug;
		};
		DBFD1D8E2580BB8900A7F8D0 /* Release */ = {
			isa = XCBuildConfiguration;
			baseConfigurationReference = 79E214D0D67F7C3931835DA6 /* Pods-Firebase_Login-Firebase_LoginUITests.release.xcconfig */;
			buildSettings = {
				ALWAYS_EMBED_SWIFT_STANDARD_LIBRARIES = YES;
				CODE_SIGN_STYLE = Automatic;
				DEVELOPMENT_TEAM = 4NHCAR3DPU;
				INFOPLIST_FILE = Firebase_LoginUITests/Info.plist;
				LD_RUNPATH_SEARCH_PATHS = (
					"$(inherited)",
					"@executable_path/Frameworks",
					"@loader_path/Frameworks",
				);
				PRODUCT_BUNDLE_IDENTIFIER = "com.cooperhsieh.Firebase-LoginUITests";
				PRODUCT_NAME = "$(TARGET_NAME)";
				SWIFT_VERSION = 5.0;
				TARGETED_DEVICE_FAMILY = "1,2";
				TEST_TARGET_NAME = Firebase_Login;
			};
			name = Release;
		};
/* End XCBuildConfiguration section */

/* Begin XCConfigurationList section */
		DBFD1D572580BB8600A7F8D0 /* Build configuration list for PBXProject "Firebase_Login" */ = {
			isa = XCConfigurationList;
			buildConfigurations = (
				DBFD1D842580BB8900A7F8D0 /* Debug */,
				DBFD1D852580BB8900A7F8D0 /* Release */,
			);
			defaultConfigurationIsVisible = 0;
			defaultConfigurationName = Release;
		};
		DBFD1D862580BB8900A7F8D0 /* Build configuration list for PBXNativeTarget "Firebase_Login" */ = {
			isa = XCConfigurationList;
			buildConfigurations = (
				DBFD1D872580BB8900A7F8D0 /* Debug */,
				DBFD1D882580BB8900A7F8D0 /* Release */,
			);
			defaultConfigurationIsVisible = 0;
			defaultConfigurationName = Release;
		};
		DBFD1D892580BB8900A7F8D0 /* Build configuration list for PBXNativeTarget "Firebase_LoginTests" */ = {
			isa = XCConfigurationList;
			buildConfigurations = (
				DBFD1D8A2580BB8900A7F8D0 /* Debug */,
				DBFD1D8B2580BB8900A7F8D0 /* Release */,
			);
			defaultConfigurationIsVisible = 0;
			defaultConfigurationName = Release;
		};
		DBFD1D8C2580BB8900A7F8D0 /* Build configuration list for PBXNativeTarget "Firebase_LoginUITests" */ = {
			isa = XCConfigurationList;
			buildConfigurations = (
				DBFD1D8D2580BB8900A7F8D0 /* Debug */,
				DBFD1D8E2580BB8900A7F8D0 /* Release */,
			);
			defaultConfigurationIsVisible = 0;
			defaultConfigurationName = Release;
		};
/* End XCConfigurationList section */
	};
	rootObject = DBFD1D542580BB8600A7F8D0 /* Project object */;
}
